
Microsoft Visual Studio Solution File, Format Version 12.00
# Visual Studio Version 17
VisualStudioVersion = 17.7.34221.43
MinimumVisualStudioVersion = 10.0.40219.1
Project("{FAE04EC0-301F-11D3-BF4B-00C04F79EFBC}") = "CoreDemo", "CoreDemo\CoreDemo.csproj", "{AB6ED40B-7308-4FD9-8796-853046D833EE}"
EndProject
Project("{FAE04EC0-301F-11D3-BF4B-00C04F79EFBC}") = "EntityLayer", "EntityLayer\EntityLayer.csproj", "{A94B0B70-C33A-4096-A192-F9EB79768D28}"
EndProject
Project("{FAE04EC0-301F-11D3-BF4B-00C04F79EFBC}") = "DataAccessLayer", "DataAccessLayer\DataAccessLayer.csproj", "{C45DCDA2-C499-4EC6-A1E0-5E10E5155CDC}"
EndProject
Project("{FAE04EC0-301F-11D3-BF4B-00C04F79EFBC}") = "BusinessLayer", "BusinessLayer\BusinessLayer.csproj", "{13B0D093-9624-428E-BC1F-BED5F50915C7}"
EndProject
Project("{FAE04EC0-301F-11D3-BF4B-00C04F79EFBC}") = "CoreLayer", "CoreLayer\CoreLayer.csproj", "{E5824879-5568-48F7-AADE-BA55AD856F4F}"
EndProject
Global
	GlobalSection(SolutionConfigurationPlatforms) = preSolution
		Debug|Any CPU = Debug|Any CPU
		Release|Any CPU = Release|Any CPU
	EndGlobalSection
	GlobalSection(ProjectConfigurationPlatforms) = postSolution
		{AB6ED40B-7308-4FD9-8796-853046D833EE}.Debug|Any CPU.ActiveCfg = Debug|Any CPU
		{AB6ED40B-7308-4FD9-8796-853046D833EE}.Debug|Any CPU.Build.0 = Debug|Any CPU
		{AB6ED40B-7308-4FD9-8796-853046D833EE}.Release|Any CPU.ActiveCfg = Release|Any CPU
		{AB6ED40B-7308-4FD9-8796-853046D833EE}.Release|Any CPU.Build.0 = Release|Any CPU
		{A94B0B70-C33A-4096-A192-F9EB79768D28}.Debug|Any CPU.ActiveCfg = Debug|Any CPU
		{A94B0B70-C33A-4096-A192-F9EB79768D28}.Debug|Any CPU.Build.0 = Debug|Any CPU
		{A94B0B70-C33A-4096-A192-F9EB79768D28}.Release|Any CPU.ActiveCfg = Release|Any CPU
		{A94B0B70-C33A-4096-A192-F9EB79768D28}.Release|Any CPU.Build.0 = Release|Any CPU
		{C45DCDA2-C499-4EC6-A1E0-5E10E5155CDC}.Debug|Any CPU.ActiveCfg = Debug|Any CPU
		{C45DCDA2-C499-4EC6-A1E0-5E10E5155CDC}.Debug|Any CPU.Build.0 = Debug|Any CPU
		{C45DCDA2-C499-4EC6-A1E0-5E10E5155CDC}.Release|Any CPU.ActiveCfg = Release|Any CPU
		{C45DCDA2-C499-4EC6-A1E0-5E10E5155CDC}.Release|Any CPU.Build.0 = Release|Any CPU
		{13B0D093-9624-428E-BC1F-BED5F50915C7}.Debug|Any CPU.ActiveCfg = Debug|Any CPU
		{13B0D093-9624-428E-BC1F-BED5F50915C7}.Debug|Any CPU.Build.0 = Debug|Any CPU
		{13B0D093-9624-428E-BC1F-BED5F50915C7}.Release|Any CPU.ActiveCfg = Release|Any CPU
		{13B0D093-9624-428E-BC1F-BED5F50915C7}.Release|Any CPU.Build.0 = Release|Any CPU
		{E5824879-5568-48F7-AADE-BA55AD856F4F}.Debug|Any CPU.ActiveCfg = Debug|Any CPU
		{E5824879-5568-48F7-AADE-BA55AD856F4F}.Debug|Any CPU.Build.0 = Debug|Any CPU
		{E5824879-5568-48F7-AADE-BA55AD856F4F}.Release|Any CPU.ActiveCfg = Release|Any CPU
		{E5824879-5568-48F7-AADE-BA55AD856F4F}.Release|Any CPU.Build.0 = Release|Any CPU
	EndGlobalSection
	GlobalSection(SolutionProperties) = preSolution
		HideSolutionNode = FALSE
	EndGlobalSection
	GlobalSection(ExtensibilityGlobals) = postSolution
		SolutionGuid = {4B7FF1BA-AF46-4883-BC3E-6E6A5E894A8E}
	EndGlobalSection
EndGlobal
